
Microsoft Visual Studio Solution File, Format Version 12.00
# Visual Studio Version 17
VisualStudioVersion = 17.1.32210.238
MinimumVisualStudioVersion = 10.0.40219.1
Project("{2150E333-8FDC-42A3-9474-1A3956D46DE8}") = "Services", "Services", "{EB692DFC-376D-4CB0-8F39-9E215CA061F0}"
EndProject
Project("{2150E333-8FDC-42A3-9474-1A3956D46DE8}") = "Catalog", "Catalog", "{3B11DB9B-19CB-4716-B89E-4DEF64510EB5}"
EndProject
Project("{FAE04EC0-301F-11D3-BF4B-00C04F79EFBC}") = "Catalog.API", "Services\Catalog\Catalog.API\Catalog.API.csproj", "{96420FA0-539A-4676-9287-1345A902EA46}"
EndProject
Global
	GlobalSection(SolutionConfigurationPlatforms) = preSolution
		Debug|Any CPU = Debug|Any CPU
		Release|Any CPU = Release|Any CPU
	EndGlobalSection
	GlobalSection(ProjectConfigurationPlatforms) = postSolution
		{96420FA0-539A-4676-9287-1345A902EA46}.Debug|Any CPU.ActiveCfg = Debug|Any CPU
		{96420FA0-539A-4676-9287-1345A902EA46}.Debug|Any CPU.Build.0 = Debug|Any CPU
		{96420FA0-539A-4676-9287-1345A902EA46}.Release|Any CPU.ActiveCfg = Release|Any CPU
		{96420FA0-539A-4676-9287-1345A902EA46}.Release|Any CPU.Build.0 = Release|Any CPU
	EndGlobalSection
	GlobalSection(SolutionProperties) = preSolution
		HideSolutionNode = FALSE
	EndGlobalSection
	GlobalSection(NestedProjects) = preSolution
		{3B11DB9B-19CB-4716-B89E-4DEF64510EB5} = {EB692DFC-376D-4CB0-8F39-9E215CA061F0}
		{96420FA0-539A-4676-9287-1345A902EA46} = {3B11DB9B-19CB-4716-B89E-4DEF64510EB5}
	EndGlobalSection
	GlobalSection(ExtensibilityGlobals) = postSolution
		SolutionGuid = {DE3D5529-B01C-4686-982F-84A71C06307C}
	EndGlobalSection
EndGlobal
